
Microsoft Visual Studio Solution File, Format Version 12.00
# Visual Studio Version 16
VisualStudioVersion = 16.0.28705.295
MinimumVisualStudioVersion = 10.0.40219.1
Project("{9A19103F-16F7-4668-BE54-9A1E7A4F7556}") = "Casper", "Casper\Casper.csproj", "{DC088F77-65A7-4257-B9C1-224A4B75978F}"
EndProject
Project("{FAE04EC0-301F-11D3-BF4B-00C04F79EFBC}") = "Casper.Forms", "Casper.Forms\Casper.Forms.csproj", "{C99CCC8A-76D1-42F4-B256-0FC4C00E4638}"
EndProject
Global
	GlobalSection(SolutionConfigurationPlatforms) = preSolution
		Debug|Any CPU = Debug|Any CPU
		Release|Any CPU = Release|Any CPU
	EndGlobalSection
	GlobalSection(ProjectConfigurationPlatforms) = postSolution
		{DC088F77-65A7-4257-B9C1-224A4B75978F}.Debug|Any CPU.ActiveCfg = Debug|Any CPU
		{DC088F77-65A7-4257-B9C1-224A4B75978F}.Debug|Any CPU.Build.0 = Debug|Any CPU
		{DC088F77-65A7-4257-B9C1-224A4B75978F}.Release|Any CPU.ActiveCfg = Release|Any CPU
		{DC088F77-65A7-4257-B9C1-224A4B75978F}.Release|Any CPU.Build.0 = Release|Any CPU
		{C99CCC8A-76D1-42F4-B256-0FC4C00E4638}.Debug|Any CPU.ActiveCfg = Debug|Any CPU
		{C99CCC8A-76D1-42F4-B256-0FC4C00E4638}.Debug|Any CPU.Build.0 = Debug|Any CPU
		{C99CCC8A-76D1-42F4-B256-0FC4C00E4638}.Release|Any CPU.ActiveCfg = Release|Any CPU
		{C99CCC8A-76D1-42F4-B256-0FC4C00E4638}.Release|Any CPU.Build.0 = Release|Any CPU
	EndGlobalSection
	GlobalSection(SolutionProperties) = preSolution
		HideSolutionNode = FALSE
	EndGlobalSection
	GlobalSection(ExtensibilityGlobals) = postSolution
		SolutionGuid = {9E745363-7AAB-442A-84F4-9CB96F8F46B5}
	EndGlobalSection
EndGlobal
